<?xml version="1.0" encoding="utf-8"?>
<Project ToolsVersion="4.0" xmlns="http://schemas.microsoft.com/developer/msbuild/2003">
  <ItemGroup>
    <Filter Include="Lua">
      <UniqueIdentifier>{283bd850-aab8-4229-924b-f778db532170}</UniqueIdentifier>
    </Filter>
    <Filter Include="LuaWrap">
      <UniqueIdentifier>{526448d1-07e6-453a-b714-a1f8d7eb8643}</UniqueIdentifier>
    </Filter>
    <Filter Include="预编译">
      <UniqueIdentifier>{8a07b39b-88ed-40a7-bd85-f90767d92f5e}</UniqueIdentifier>
    </Filter>
  </ItemGroup>
  <ItemGroup>
    <ClCompile Include="src\lapi.c">
      <Filter>Lua</Filter>
    </ClCompile>
    <ClCompile Include="src\lauxlib.c">
      <Filter>Lua</Filter>
    </ClCompile>
    <ClCompile Include="src\lbaselib.c">
      <Filter>Lua</Filter>
    </ClCompile>
    <ClCompile Include="src\lcode.c">
      <Filter>Lua</Filter>
    </ClCompile>
    <ClCompile Include="src\ldblib.c">
      <Filter>Lua</Filter>
    </ClCompile>
    <ClCompile Include="src\ldebug.c">
      <Filter>Lua</Filter>
    </ClCompile>
    <ClCompile Include="src\ldo.c">
      <Filter>Lua</Filter>
    </ClCompile>
    <ClCompile Include="src\ldump.c">
      <Filter>Lua</Filter>
    </ClCompile>
    <ClCompile Include="src\lfunc.c">
      <Filter>Lua</Filter>
    </ClCompile>
    <ClCompile Include="src\lgc.c">
      <Filter>Lua</Filter>
    </ClCompile>
    <ClCompile Include="src\linit.c">
      <Filter>Lua</Filter>
    </ClCompile>
    <ClCompile Include="src\liolib.c">
      <Filter>Lua</Filter>
    </ClCompile>
    <ClCompile Include="src\llex.c">
      <Filter>Lua</Filter>
    </ClCompile>
    <ClCompile Include="src\lmathlib.c">
      <Filter>Lua</Filter>
    </ClCompile>
    <ClCompile Include="src\lmem.c">
      <Filter>Lua</Filter>
    </ClCompile>
    <ClCompile Include="src\loadlib.c">
      <Filter>Lua</Filter>
    </ClCompile>
    <ClCompile Include="src\lobject.c">
      <Filter>Lua</Filter>
    </ClCompile>
    <ClCompile Include="src\lopcodes.c">
      <Filter>Lua</Filter>
    </ClCompile>
    <ClCompile Include="src\loslib.c">
      <Filter>Lua</Filter>
    </ClCompile>
    <ClCompile Include="src\lparser.c">
      <Filter>Lua</Filter>
    </ClCompile>
    <ClCompile Include="src\lstate.c">
      <Filter>Lua</Filter>
    </ClCompile>
    <ClCompile Include="src\lstring.c">
      <Filter>Lua</Filter>
    </ClCompile>
    <ClCompile Include="src\lstrlib.c">
      <Filter>Lua</Filter>
    </ClCompile>
    <ClCompile Include="src\ltable.c">
      <Filter>Lua</Filter>
    </ClCompile>
    <ClCompile Include="src\ltablib.c">
      <Filter>Lua</Filter>
    </ClCompile>
    <ClCompile Include="src\ltm.c">
      <Filter>Lua</Filter>
    </ClCompile>
    <ClCompile Include="src\lua.c">
      <Filter>Lua</Filter>
    </ClCompile>
    <ClCompile Include="src\luac.c">
      <Filter>Lua</Filter>
    </ClCompile>
    <ClCompile Include="src\lundump.c">
      <Filter>Lua</Filter>
    </ClCompile>
    <ClCompile Include="src\lvm.c">
      <Filter>Lua</Filter>
    </ClCompile>
    <ClCompile Include="src\lzio.c">
      <Filter>Lua</Filter>
    </ClCompile>
    <ClCompile Include="src\print.c">
      <Filter>Lua</Filter>
    </ClCompile>
    <ClCompile Include="LuaInt64.cpp">
      <Filter>LuaWrap</Filter>
    </ClCompile>
    <ClCompile Include="LuaScriptPool.cpp">
      <Filter>LuaWrap</Filter>
    </ClCompile>
    <ClCompile Include="LuaTable.cpp">
      <Filter>LuaWrap</Filter>
    </ClCompile>
    <ClCompile Include="stdafx.cpp">
      <Filter>预编译</Filter>
    </ClCompile>
    <ClCompile Include="LuaBaseMetaClass.cpp">
      <Filter>LuaWrap</Filter>
    </ClCompile>
    <ClCompile Include="LuaThread.cpp">
      <Filter>LuaWrap</Filter>
    </ClCompile>
    <ClCompile Include="LuaScript.cpp">
      <Filter>LuaWrap</Filter>
    </ClCompile>
  </ItemGroup>
  <ItemGroup>
    <ClInclude Include="src\lapi.h">
      <Filter>Lua</Filter>
    </ClInclude>
    <ClInclude Include="src\lauxlib.h">
      <Filter>Lua</Filter>
    </ClInclude>
    <ClInclude Include="src\lcode.h">
      <Filter>Lua</Filter>
    </ClInclude>
    <ClInclude Include="src\ldebug.h">
      <Filter>Lua</Filter>
    </ClInclude>
    <ClInclude Include="src\ldo.h">
      <Filter>Lua</Filter>
    </ClInclude>
    <ClInclude Include="src\lfunc.h">
      <Filter>Lua</Filter>
    </ClInclude>
    <ClInclude Include="src\lgc.h">
      <Filter>Lua</Filter>
    </ClInclude>
    <ClInclude Include="src\llex.h">
      <Filter>Lua</Filter>
    </ClInclude>
    <ClInclude Include="src\llimits.h">
      <Filter>Lua</Filter>
    </ClInclude>
    <ClInclude Include="src\lmem.h">
      <Filter>Lua</Filter>
    </ClInclude>
    <ClInclude Include="src\lobject.h">
      <Filter>Lua</Filter>
    </ClInclude>
    <ClInclude Include="src\lopcodes.h">
      <Filter>Lua</Filter>
    </ClInclude>
    <ClInclude Include="src\lparser.h">
      <Filter>Lua</Filter>
    </ClInclude>
    <ClInclude Include="src\lstate.h">
      <Filter>Lua</Filter>
    </ClInclude>
    <ClInclude Include="src\lstring.h">
      <Filter>Lua</Filter>
    </ClInclude>
    <ClInclude Include="src\ltable.h">
      <Filter>Lua</Filter>
    </ClInclude>
    <ClInclude Include="src\ltm.h">
      <Filter>Lua</Filter>
    </ClInclude>
    <ClInclude Include="src\lua.h">
      <Filter>Lua</Filter>
    </ClInclude>
    <ClInclude Include="src\lua.hpp">
      <Filter>Lua</Filter>
    </ClInclude>
    <ClInclude Include="src\luaconf.h">
      <Filter>Lua</Filter>
    </ClInclude>
    <ClInclude Include="src\lualib.h">
      <Filter>Lua</Filter>
    </ClInclude>
    <ClInclude Include="src\lundump.h">
      <Filter>Lua</Filter>
    </ClInclude>
    <ClInclude Include="src\lvm.h">
      <Filter>Lua</Filter>
    </ClInclude>
    <ClInclude Include="src\lzio.h">
      <Filter>Lua</Filter>
    </ClInclude>
    <ClInclude Include="LuaInt64.h">
      <Filter>LuaWrap</Filter>
    </ClInclude>
    <ClInclude Include="LuaPlusCD.h">
      <Filter>LuaWrap</Filter>
    </ClInclude>
    <ClInclude Include="LuaScriptPool.h">
      <Filter>LuaWrap</Filter>
    </ClInclude>
    <ClInclude Include="LuaTable.h">
      <Filter>LuaWrap</Filter>
    </ClInclude>
    <ClInclude Include="LuaWrap.h">
      <Filter>LuaWrap</Filter>
    </ClInclude>
    <ClInclude Include="stdafx.h">
      <Filter>预编译</Filter>
    </ClInclude>
    <ClInclude Include="LuaTypeWraps.h">
      <Filter>LuaWrap</Filter>
    </ClInclude>
    <ClInclude Include="LuaCallWraps.h">
      <Filter>LuaWrap</Filter>
    </ClInclude>
    <ClInclude Include="LuaCallWrapTemplate.h">
      <Filter>LuaWrap</Filter>
    </ClInclude>
    <ClInclude Include="LuaBaseMetaClass.h">
      <Filter>LuaWrap</Filter>
    </ClInclude>
    <ClInclude Include="LuaThread.h">
      <Filter>LuaWrap</Filter>
    </ClInclude>
    <ClInclude Include="LuaScript.h">
      <Filter>LuaWrap</Filter>
    </ClInclude>
  </ItemGroup>
</Project>