<?xml version="1.0" encoding="utf-8"?>
<Project ToolsVersion="4.0" xmlns="http://schemas.microsoft.com/developer/msbuild/2003">
  <ItemGroup>
    <Filter Include="lib">
      <UniqueIdentifier>{eda5a030-68fd-42e0-92dc-63706861c044}</UniqueIdentifier>
    </Filter>
    <Filter Include="include_win">
      <UniqueIdentifier>{bd8fd40d-e66e-44ff-af58-f222ddf18a0c}</UniqueIdentifier>
    </Filter>
    <Filter Include="lib\x86">
      <UniqueIdentifier>{62ea719d-80f9-466a-899f-73bfdaada17e}</UniqueIdentifier>
    </Filter>
    <Filter Include="lib\x64">
      <UniqueIdentifier>{03caddfe-93c9-4e80-8c64-54d050ab894a}</UniqueIdentifier>
    </Filter>
    <Filter Include="预编译">
      <UniqueIdentifier>{7bf89270-cae9-4633-8d9c-1c42412cc977}</UniqueIdentifier>
    </Filter>
    <Filter Include="MonoWrapper">
      <UniqueIdentifier>{8688f217-b02d-4b42-8ddc-86ec2283d03e}</UniqueIdentifier>
    </Filter>
  </ItemGroup>
  <ItemGroup>
    <ClInclude Include="stdafx.h">
      <Filter>预编译</Filter>
    </ClInclude>
    <ClInclude Include="MonoWrapper.h">
      <Filter>MonoWrapper</Filter>
    </ClInclude>
    <ClInclude Include="include_win\appdomain.h">
      <Filter>include_win</Filter>
    </ClInclude>
    <ClInclude Include="include_win\assembly.h">
      <Filter>include_win</Filter>
    </ClInclude>
    <ClInclude Include="include_win\blob.h">
      <Filter>include_win</Filter>
    </ClInclude>
    <ClInclude Include="include_win\class.h">
      <Filter>include_win</Filter>
    </ClInclude>
    <ClInclude Include="include_win\debug-helpers.h">
      <Filter>include_win</Filter>
    </ClInclude>
    <ClInclude Include="include_win\environment.h">
      <Filter>include_win</Filter>
    </ClInclude>
    <ClInclude Include="include_win\image.h">
      <Filter>include_win</Filter>
    </ClInclude>
    <ClInclude Include="include_win\jit.h">
      <Filter>include_win</Filter>
    </ClInclude>
    <ClInclude Include="include_win\loader.h">
      <Filter>include_win</Filter>
    </ClInclude>
    <ClInclude Include="include_win\metadata.h">
      <Filter>include_win</Filter>
    </ClInclude>
    <ClInclude Include="include_win\mono-counters.h">
      <Filter>include_win</Filter>
    </ClInclude>
    <ClInclude Include="include_win\mono-dl-fallback.h">
      <Filter>include_win</Filter>
    </ClInclude>
    <ClInclude Include="include_win\mono-error.h">
      <Filter>include_win</Filter>
    </ClInclude>
    <ClInclude Include="include_win\mono-logger.h">
      <Filter>include_win</Filter>
    </ClInclude>
    <ClInclude Include="include_win\mono-publib.h">
      <Filter>include_win</Filter>
    </ClInclude>
    <ClInclude Include="include_win\object.h">
      <Filter>include_win</Filter>
    </ClInclude>
    <ClInclude Include="include_win\reflection.h">
      <Filter>include_win</Filter>
    </ClInclude>
    <ClInclude Include="include_win\row-indexes.h">
      <Filter>include_win</Filter>
    </ClInclude>
    <ClInclude Include="include_win\mono-config.h">
      <Filter>include_win</Filter>
    </ClInclude>
    <ClInclude Include="include_win\mono-config-dirs.h">
      <Filter>include_win</Filter>
    </ClInclude>
    <ClInclude Include="include_win\class-internals.h">
      <Filter>include_win</Filter>
    </ClInclude>
    <ClInclude Include="include_win\exception.h">
      <Filter>include_win</Filter>
    </ClInclude>
    <ClInclude Include="include_win\debugger-agent.h">
      <Filter>include_win</Filter>
    </ClInclude>
    <ClInclude Include="include_win\mono-debug.h">
      <Filter>include_win</Filter>
    </ClInclude>
    <ClInclude Include="include_win\threads.h">
      <Filter>include_win</Filter>
    </ClInclude>
    <ClInclude Include="include_win\mono-gc.h">
      <Filter>include_win</Filter>
    </ClInclude>
  </ItemGroup>
  <ItemGroup>
    <Library Include="lib\x86\libmono.lib">
      <Filter>lib\x86</Filter>
    </Library>
    <Library Include="lib\x86\libmonoD.lib">
      <Filter>lib\x86</Filter>
    </Library>
  </ItemGroup>
  <ItemGroup>
    <ClCompile Include="stdafx.cpp">
      <Filter>预编译</Filter>
    </ClCompile>
  </ItemGroup>
  <ItemGroup>
    <None Include="lib\x64\libmono.a">
      <Filter>lib\x64</Filter>
    </None>
  </ItemGroup>
</Project>