<?xml version="1.0" encoding="utf-8"?>
<Project ToolsVersion="4.0" xmlns="http://schemas.microsoft.com/developer/msbuild/2003">
  <ItemGroup>
    <Filter Include="Lua">
      <UniqueIdentifier>{283bd850-aab8-4229-924b-f778db532170}</UniqueIdentifier>
    </Filter>
    <Filter Include="LuaWrap">
      <UniqueIdentifier>{526448d1-07e6-453a-b714-a1f8d7eb8643}</UniqueIdentifier>
    </Filter>
    <Filter Include="预编译">
      <UniqueIdentifier>{8a07b39b-88ed-40a7-bd85-f90767d92f5e}</UniqueIdentifier>
    </Filter>
    <Filter Include="MetaClass">
      <UniqueIdentifier>{c4262b3e-9ef8-4f36-97fa-f53c775e5804}</UniqueIdentifier>
    </Filter>
    <Filter Include="Lib">
      <UniqueIdentifier>{a39eaa6d-d27b-4a21-acb9-277215f19a5e}</UniqueIdentifier>
    </Filter>
    <Filter Include="LuaSocket">
      <UniqueIdentifier>{0af9f6d8-b566-410b-b27e-7fd4c3a3d5ae}</UniqueIdentifier>
    </Filter>
    <Filter Include="Scripts">
      <UniqueIdentifier>{5e89994a-73ad-4fb4-a6af-e8399d91badb}</UniqueIdentifier>
    </Filter>
    <Filter Include="Scripts\socket">
      <UniqueIdentifier>{c90177e2-d776-48ac-9438-7439b86584a2}</UniqueIdentifier>
    </Filter>
  </ItemGroup>
  <ItemGroup>
    <ClCompile Include="LuaScriptPool.cpp">
      <Filter>LuaWrap</Filter>
    </ClCompile>
    <ClCompile Include="stdafx.cpp">
      <Filter>预编译</Filter>
    </ClCompile>
    <ClCompile Include="LuaThread.cpp">
      <Filter>LuaWrap</Filter>
    </ClCompile>
    <ClCompile Include="LuaScript.cpp">
      <Filter>LuaWrap</Filter>
    </ClCompile>
    <ClCompile Include="LuaBaseMetaClass.cpp">
      <Filter>MetaClass</Filter>
    </ClCompile>
    <ClCompile Include="LuaVM.cpp">
      <Filter>LuaWrap</Filter>
    </ClCompile>
    <ClCompile Include="BaseLuaVM.cpp">
      <Filter>LuaWrap</Filter>
    </ClCompile>
    <ClCompile Include="LuaByteArray.cpp">
      <Filter>MetaClass</Filter>
    </ClCompile>
    <ClCompile Include="LuaGrid.cpp">
      <Filter>MetaClass</Filter>
    </ClCompile>
    <ClCompile Include="LuaSmartStruct.cpp">
      <Filter>MetaClass</Filter>
    </ClCompile>
    <ClCompile Include="LuaSmartValue.cpp">
      <Filter>MetaClass</Filter>
    </ClCompile>
    <ClCompile Include="LuaLibCommon.cpp">
      <Filter>Lib</Filter>
    </ClCompile>
    <ClCompile Include="BaseLuaLib.cpp">
      <Filter>Lib</Filter>
    </ClCompile>
    <ClCompile Include="LuaSmartArray.cpp">
      <Filter>MetaClass</Filter>
    </ClCompile>
    <ClCompile Include="src\lapi.c">
      <Filter>Lua</Filter>
    </ClCompile>
    <ClCompile Include="src\lauxlib.c">
      <Filter>Lua</Filter>
    </ClCompile>
    <ClCompile Include="src\lbaselib.c">
      <Filter>Lua</Filter>
    </ClCompile>
    <ClCompile Include="src\lcode.c">
      <Filter>Lua</Filter>
    </ClCompile>
    <ClCompile Include="src\lcorolib.c">
      <Filter>Lua</Filter>
    </ClCompile>
    <ClCompile Include="src\lctype.c">
      <Filter>Lua</Filter>
    </ClCompile>
    <ClCompile Include="src\ldblib.c">
      <Filter>Lua</Filter>
    </ClCompile>
    <ClCompile Include="src\ldebug.c">
      <Filter>Lua</Filter>
    </ClCompile>
    <ClCompile Include="src\ldo.c">
      <Filter>Lua</Filter>
    </ClCompile>
    <ClCompile Include="src\ldump.c">
      <Filter>Lua</Filter>
    </ClCompile>
    <ClCompile Include="src\lfunc.c">
      <Filter>Lua</Filter>
    </ClCompile>
    <ClCompile Include="src\lgc.c">
      <Filter>Lua</Filter>
    </ClCompile>
    <ClCompile Include="src\linit.c">
      <Filter>Lua</Filter>
    </ClCompile>
    <ClCompile Include="src\liolib.c">
      <Filter>Lua</Filter>
    </ClCompile>
    <ClCompile Include="src\llex.c">
      <Filter>Lua</Filter>
    </ClCompile>
    <ClCompile Include="src\lmathlib.c">
      <Filter>Lua</Filter>
    </ClCompile>
    <ClCompile Include="src\lmem.c">
      <Filter>Lua</Filter>
    </ClCompile>
    <ClCompile Include="src\loadlib.c">
      <Filter>Lua</Filter>
    </ClCompile>
    <ClCompile Include="src\lobject.c">
      <Filter>Lua</Filter>
    </ClCompile>
    <ClCompile Include="src\lopcodes.c">
      <Filter>Lua</Filter>
    </ClCompile>
    <ClCompile Include="src\loslib.c">
      <Filter>Lua</Filter>
    </ClCompile>
    <ClCompile Include="src\lparser.c">
      <Filter>Lua</Filter>
    </ClCompile>
    <ClCompile Include="src\lstate.c">
      <Filter>Lua</Filter>
    </ClCompile>
    <ClCompile Include="src\lstring.c">
      <Filter>Lua</Filter>
    </ClCompile>
    <ClCompile Include="src\lstrlib.c">
      <Filter>Lua</Filter>
    </ClCompile>
    <ClCompile Include="src\ltable.c">
      <Filter>Lua</Filter>
    </ClCompile>
    <ClCompile Include="src\ltablib.c">
      <Filter>Lua</Filter>
    </ClCompile>
    <ClCompile Include="src\ltm.c">
      <Filter>Lua</Filter>
    </ClCompile>
    <ClCompile Include="src\lua.c">
      <Filter>Lua</Filter>
    </ClCompile>
    <ClCompile Include="src\luac.c">
      <Filter>Lua</Filter>
    </ClCompile>
    <ClCompile Include="src\lundump.c">
      <Filter>Lua</Filter>
    </ClCompile>
    <ClCompile Include="src\lutf8lib.c">
      <Filter>Lua</Filter>
    </ClCompile>
    <ClCompile Include="src\lvm.c">
      <Filter>Lua</Filter>
    </ClCompile>
    <ClCompile Include="src\lzio.c">
      <Filter>Lua</Filter>
    </ClCompile>
    <ClCompile Include="luasocket\auxiliar.c">
      <Filter>LuaSocket</Filter>
    </ClCompile>
    <ClCompile Include="luasocket\buffer.c">
      <Filter>LuaSocket</Filter>
    </ClCompile>
    <ClCompile Include="luasocket\compat.c">
      <Filter>LuaSocket</Filter>
    </ClCompile>
    <ClCompile Include="luasocket\except.c">
      <Filter>LuaSocket</Filter>
    </ClCompile>
    <ClCompile Include="luasocket\inet.c">
      <Filter>LuaSocket</Filter>
    </ClCompile>
    <ClCompile Include="luasocket\io.c">
      <Filter>LuaSocket</Filter>
    </ClCompile>
    <ClCompile Include="luasocket\luasocket.c">
      <Filter>LuaSocket</Filter>
    </ClCompile>
    <ClCompile Include="luasocket\mime.c">
      <Filter>LuaSocket</Filter>
    </ClCompile>
    <ClCompile Include="luasocket\options.c">
      <Filter>LuaSocket</Filter>
    </ClCompile>
    <ClCompile Include="luasocket\select.c">
      <Filter>LuaSocket</Filter>
    </ClCompile>
    <ClCompile Include="luasocket\tcp.c">
      <Filter>LuaSocket</Filter>
    </ClCompile>
    <ClCompile Include="luasocket\timeout.c">
      <Filter>LuaSocket</Filter>
    </ClCompile>
    <ClCompile Include="luasocket\udp.c">
      <Filter>LuaSocket</Filter>
    </ClCompile>
    <ClCompile Include="luasocket\usocket.c">
      <Filter>LuaSocket</Filter>
    </ClCompile>
    <ClCompile Include="luasocket\wsocket.c">
      <Filter>LuaSocket</Filter>
    </ClCompile>
  </ItemGroup>
  <ItemGroup>
    <ClInclude Include="LuaScriptPool.h">
      <Filter>LuaWrap</Filter>
    </ClInclude>
    <ClInclude Include="LuaWrap.h">
      <Filter>LuaWrap</Filter>
    </ClInclude>
    <ClInclude Include="stdafx.h">
      <Filter>预编译</Filter>
    </ClInclude>
    <ClInclude Include="LuaTypeWraps.h">
      <Filter>LuaWrap</Filter>
    </ClInclude>
    <ClInclude Include="LuaCallWraps.h">
      <Filter>LuaWrap</Filter>
    </ClInclude>
    <ClInclude Include="LuaCallWrapTemplate.h">
      <Filter>LuaWrap</Filter>
    </ClInclude>
    <ClInclude Include="LuaThread.h">
      <Filter>LuaWrap</Filter>
    </ClInclude>
    <ClInclude Include="LuaScript.h">
      <Filter>LuaWrap</Filter>
    </ClInclude>
    <ClInclude Include="LuaBaseMetaClass.h">
      <Filter>MetaClass</Filter>
    </ClInclude>
    <ClInclude Include="LuaWrapBase.h">
      <Filter>LuaWrap</Filter>
    </ClInclude>
    <ClInclude Include="LuaVM.h">
      <Filter>LuaWrap</Filter>
    </ClInclude>
    <ClInclude Include="BaseLuaVM.h">
      <Filter>LuaWrap</Filter>
    </ClInclude>
    <ClInclude Include="LuaByteArray.h">
      <Filter>MetaClass</Filter>
    </ClInclude>
    <ClInclude Include="LuaGrid.h">
      <Filter>MetaClass</Filter>
    </ClInclude>
    <ClInclude Include="LuaSmartStruct.h">
      <Filter>MetaClass</Filter>
    </ClInclude>
    <ClInclude Include="LuaSmartValue.h">
      <Filter>MetaClass</Filter>
    </ClInclude>
    <ClInclude Include="LuaLibCommon.h">
      <Filter>Lib</Filter>
    </ClInclude>
    <ClInclude Include="BaseLuaLib.h">
      <Filter>Lib</Filter>
    </ClInclude>
    <ClInclude Include="LuaSmartArray.h">
      <Filter>MetaClass</Filter>
    </ClInclude>
    <ClInclude Include="LuaCallWrapDefines.h">
      <Filter>LuaWrap</Filter>
    </ClInclude>
    <ClInclude Include="LuaWrapHead.h">
      <Filter>LuaWrap</Filter>
    </ClInclude>
    <ClInclude Include="LuaWrapBody.h">
      <Filter>LuaWrap</Filter>
    </ClInclude>
    <ClInclude Include="src\lapi.h">
      <Filter>Lua</Filter>
    </ClInclude>
    <ClInclude Include="src\lauxlib.h">
      <Filter>Lua</Filter>
    </ClInclude>
    <ClInclude Include="src\lcode.h">
      <Filter>Lua</Filter>
    </ClInclude>
    <ClInclude Include="src\lctype.h">
      <Filter>Lua</Filter>
    </ClInclude>
    <ClInclude Include="src\ldebug.h">
      <Filter>Lua</Filter>
    </ClInclude>
    <ClInclude Include="src\ldo.h">
      <Filter>Lua</Filter>
    </ClInclude>
    <ClInclude Include="src\lfunc.h">
      <Filter>Lua</Filter>
    </ClInclude>
    <ClInclude Include="src\lgc.h">
      <Filter>Lua</Filter>
    </ClInclude>
    <ClInclude Include="src\ljumptab.h">
      <Filter>Lua</Filter>
    </ClInclude>
    <ClInclude Include="src\llex.h">
      <Filter>Lua</Filter>
    </ClInclude>
    <ClInclude Include="src\llimits.h">
      <Filter>Lua</Filter>
    </ClInclude>
    <ClInclude Include="src\lmem.h">
      <Filter>Lua</Filter>
    </ClInclude>
    <ClInclude Include="src\lobject.h">
      <Filter>Lua</Filter>
    </ClInclude>
    <ClInclude Include="src\lopcodes.h">
      <Filter>Lua</Filter>
    </ClInclude>
    <ClInclude Include="src\lopnames.h">
      <Filter>Lua</Filter>
    </ClInclude>
    <ClInclude Include="src\lparser.h">
      <Filter>Lua</Filter>
    </ClInclude>
    <ClInclude Include="src\lprefix.h">
      <Filter>Lua</Filter>
    </ClInclude>
    <ClInclude Include="src\lstate.h">
      <Filter>Lua</Filter>
    </ClInclude>
    <ClInclude Include="src\lstring.h">
      <Filter>Lua</Filter>
    </ClInclude>
    <ClInclude Include="src\ltable.h">
      <Filter>Lua</Filter>
    </ClInclude>
    <ClInclude Include="src\ltm.h">
      <Filter>Lua</Filter>
    </ClInclude>
    <ClInclude Include="src\lua.h">
      <Filter>Lua</Filter>
    </ClInclude>
    <ClInclude Include="src\lua.hpp">
      <Filter>Lua</Filter>
    </ClInclude>
    <ClInclude Include="src\luaconf.h">
      <Filter>Lua</Filter>
    </ClInclude>
    <ClInclude Include="src\lualib.h">
      <Filter>Lua</Filter>
    </ClInclude>
    <ClInclude Include="src\lundump.h">
      <Filter>Lua</Filter>
    </ClInclude>
    <ClInclude Include="src\lvm.h">
      <Filter>Lua</Filter>
    </ClInclude>
    <ClInclude Include="src\lzio.h">
      <Filter>Lua</Filter>
    </ClInclude>
    <ClInclude Include="luasocket\auxiliar.h">
      <Filter>LuaSocket</Filter>
    </ClInclude>
    <ClInclude Include="luasocket\buffer.h">
      <Filter>LuaSocket</Filter>
    </ClInclude>
    <ClInclude Include="luasocket\compat.h">
      <Filter>LuaSocket</Filter>
    </ClInclude>
    <ClInclude Include="luasocket\except.h">
      <Filter>LuaSocket</Filter>
    </ClInclude>
    <ClInclude Include="luasocket\inet.h">
      <Filter>LuaSocket</Filter>
    </ClInclude>
    <ClInclude Include="luasocket\io.h">
      <Filter>LuaSocket</Filter>
    </ClInclude>
    <ClInclude Include="luasocket\luasocket.h">
      <Filter>LuaSocket</Filter>
    </ClInclude>
    <ClInclude Include="luasocket\mime.h">
      <Filter>LuaSocket</Filter>
    </ClInclude>
    <ClInclude Include="luasocket\options.h">
      <Filter>LuaSocket</Filter>
    </ClInclude>
    <ClInclude Include="luasocket\pierror.h">
      <Filter>LuaSocket</Filter>
    </ClInclude>
    <ClInclude Include="luasocket\select.h">
      <Filter>LuaSocket</Filter>
    </ClInclude>
    <ClInclude Include="luasocket\socket.h">
      <Filter>LuaSocket</Filter>
    </ClInclude>
    <ClInclude Include="luasocket\tcp.h">
      <Filter>LuaSocket</Filter>
    </ClInclude>
    <ClInclude Include="luasocket\timeout.h">
      <Filter>LuaSocket</Filter>
    </ClInclude>
    <ClInclude Include="luasocket\udp.h">
      <Filter>LuaSocket</Filter>
    </ClInclude>
    <ClInclude Include="luasocket\usocket.h">
      <Filter>LuaSocket</Filter>
    </ClInclude>
    <ClInclude Include="luasocket\wsocket.h">
      <Filter>LuaSocket</Filter>
    </ClInclude>
    <ClInclude Include="LuaLoader.h">
      <Filter>LuaWrap</Filter>
    </ClInclude>
  </ItemGroup>
  <ItemGroup>
    <None Include="Lua.cbp" />
    <None Include="makefile" />
    <None Include="scripts\ltn12.lua">
      <Filter>Scripts</Filter>
    </None>
    <None Include="scripts\mime.lua">
      <Filter>Scripts</Filter>
    </None>
    <None Include="scripts\socket.lua">
      <Filter>Scripts</Filter>
    </None>
    <None Include="scripts\socket\ftp.lua">
      <Filter>Scripts\socket</Filter>
    </None>
    <None Include="scripts\socket\headers.lua">
      <Filter>Scripts\socket</Filter>
    </None>
    <None Include="scripts\socket\http.lua">
      <Filter>Scripts\socket</Filter>
    </None>
    <None Include="scripts\socket\mbox.lua">
      <Filter>Scripts\socket</Filter>
    </None>
    <None Include="scripts\socket\smtp.lua">
      <Filter>Scripts\socket</Filter>
    </None>
    <None Include="scripts\socket\tp.lua">
      <Filter>Scripts\socket</Filter>
    </None>
    <None Include="scripts\socket\url.lua">
      <Filter>Scripts\socket</Filter>
    </None>
  </ItemGroup>
</Project>