<?xml version="1.0" encoding="utf-8"?>
<Project ToolsVersion="4.0" xmlns="http://schemas.microsoft.com/developer/msbuild/2003">
  <ItemGroup>
    <Filter Include="玩家角色数据">
      <UniqueIdentifier>{1a069759-1593-496d-80e4-e2f50e10ed1e}</UniqueIdentifier>
    </Filter>
    <Filter Include="玩家角色数据\数据库事务">
      <UniqueIdentifier>{47a4186b-d434-4892-9247-8272ebff513a}</UniqueIdentifier>
    </Filter>
    <Filter Include="预编译">
      <UniqueIdentifier>{51b404d0-bfc4-4e89-8ea9-b1a737d6570e}</UniqueIdentifier>
    </Filter>
    <Filter Include="主程序">
      <UniqueIdentifier>{d4e271b0-055e-45ba-bc14-3b9befe8f564}</UniqueIdentifier>
    </Filter>
    <Filter Include="配置">
      <UniqueIdentifier>{0877463a-7172-49dc-b905-da28744d12e0}</UniqueIdentifier>
    </Filter>
  </ItemGroup>
  <ItemGroup>
    <ClCompile Include="PlayerCharDataDBAdapter.cpp">
      <Filter>玩家角色数据</Filter>
    </ClCompile>
    <ClCompile Include="DBTransAccountLogin.cpp">
      <Filter>玩家角色数据\数据库事务</Filter>
    </ClCompile>
    <ClCompile Include="DBTransCreateChar.cpp">
      <Filter>玩家角色数据\数据库事务</Filter>
    </ClCompile>
    <ClCompile Include="DBTransGetAccountChar.cpp">
      <Filter>玩家角色数据\数据库事务</Filter>
    </ClCompile>
    <ClCompile Include="DBTransGetCharData.cpp">
      <Filter>玩家角色数据\数据库事务</Filter>
    </ClCompile>
    <ClCompile Include="DBTransGetCharIDSeed.cpp">
      <Filter>玩家角色数据\数据库事务</Filter>
    </ClCompile>
    <ClCompile Include="stdafx.cpp">
      <Filter>预编译</Filter>
    </ClCompile>
    <ClCompile Include="LittleWorldDBPlugin.cpp">
      <Filter>主程序</Filter>
    </ClCompile>
    <ClCompile Include="MainConfig.cpp">
      <Filter>配置</Filter>
    </ClCompile>
    <ClCompile Include="DBTransSaveCharData.cpp" />
  </ItemGroup>
  <ItemGroup>
    <ClInclude Include="PlayerCharDataDBAdapter.h">
      <Filter>玩家角色数据</Filter>
    </ClInclude>
    <ClInclude Include="DBTransAccountLogin.h">
      <Filter>玩家角色数据\数据库事务</Filter>
    </ClInclude>
    <ClInclude Include="DBTransCreateChar.h">
      <Filter>玩家角色数据\数据库事务</Filter>
    </ClInclude>
    <ClInclude Include="DBTransGetAccountChar.h">
      <Filter>玩家角色数据\数据库事务</Filter>
    </ClInclude>
    <ClInclude Include="DBTransGetCharData.h">
      <Filter>玩家角色数据\数据库事务</Filter>
    </ClInclude>
    <ClInclude Include="DBTransGetCharIDSeed.h">
      <Filter>玩家角色数据\数据库事务</Filter>
    </ClInclude>
    <ClInclude Include="stdafx.h">
      <Filter>预编译</Filter>
    </ClInclude>
    <ClInclude Include="targetver.h">
      <Filter>预编译</Filter>
    </ClInclude>
    <ClInclude Include="MainConfig.h">
      <Filter>配置</Filter>
    </ClInclude>
    <ClInclude Include="DBTransSaveCharData.h" />
  </ItemGroup>
  <ItemGroup>
    <None Include="LittleWorldDBPlugin.cbp" />
  </ItemGroup>
</Project>