<?xml version="1.0" encoding="utf-8"?>
<Project ToolsVersion="4.0" xmlns="http://schemas.microsoft.com/developer/msbuild/2003">
  <ItemGroup>
    <Filter Include="MonoWrapper">
      <UniqueIdentifier>{8688f217-b02d-4b42-8ddc-86ec2283d03e}</UniqueIdentifier>
    </Filter>
  </ItemGroup>
  <ItemGroup>
    <ClInclude Include="MonoWrapper.h">
      <Filter>MonoWrapper</Filter>
    </ClInclude>
    <ClInclude Include="mono_api_mini.h">
      <Filter>MonoWrapper</Filter>
    </ClInclude>
  </ItemGroup>
</Project>