<?xml version="1.0" encoding="UTF-8" standalone="yes" ?>
<CodeBlocks_project_file>
	<FileVersion major="1" minor="6" />
	<Project>
		<Option title="LittleWorldProtocol" />
		<Option pch_mode="2" />
		<Option compiler="gcc" />
		<Option virtualFolders="预编译/;头文件/;对象数据结构/;Character/;CharQueryCenter/;MapArea/;PlayerCharDB/;PLayerCharOperator/;PlayerManager/;" />
		<Build>
			<Target title="Debug">
				<Option output="../Work/LittleWorldProtocolD" prefix_auto="0" extension_auto="1" />
				<Option working_dir="" />
				<Option object_output="Debug" />
				<Option type="2" />
				<Option compiler="gcc" />
				<Option createDefFile="1" />
				<Compiler>
					<Add option="-g" />
					<Add option="-W" />
					<Add option="-O0" />
					<Add option="-D_DEBUG" />
				</Compiler>
			</Target>
			<Target title="Release">
				<Option output="../Bin/Debug/libLittleWorldProtocol" prefix_auto="1" extension_auto="1" />
				<Option working_dir="" />
				<Option object_output="Release" />
				<Option type="2" />
				<Option compiler="gcc" />
				<Option createDefFile="1" />
				<Compiler>
					<Add option="-O2" />
					<Add option="-W" />
				</Compiler>
				<Linker>
					<Add option="-s" />
				</Linker>
			</Target>
		</Build>
		<Unit filename="BaseCharInfo.cpp">
			<Option virtualFolder="对象数据结构/" />
		</Unit>
		<Unit filename="BaseCharInfo.h">
			<Option virtualFolder="对象数据结构/" />
		</Unit>
		<Unit filename="CharQueryCenterAckInterface.h">
			<Option virtualFolder="CharQueryCenter/" />
		</Unit>
		<Unit filename="CharQueryCenterAckMsgCaller.cpp">
			<Option virtualFolder="CharQueryCenter/" />
		</Unit>
		<Unit filename="CharQueryCenterAckMsgCaller.h">
			<Option virtualFolder="CharQueryCenter/" />
		</Unit>
		<Unit filename="CharQueryCenterAckMsgHandler.cpp">
			<Option virtualFolder="CharQueryCenter/" />
		</Unit>
		<Unit filename="CharQueryCenterAckMsgHandler.h">
			<Option virtualFolder="CharQueryCenter/" />
		</Unit>
		<Unit filename="CharQueryCenterInterface.h">
			<Option virtualFolder="CharQueryCenter/" />
		</Unit>
		<Unit filename="CharQueryCenterMethods.h">
			<Option virtualFolder="CharQueryCenter/" />
		</Unit>
		<Unit filename="CharQueryCenterMsgCaller.cpp">
			<Option virtualFolder="CharQueryCenter/" />
		</Unit>
		<Unit filename="CharQueryCenterMsgCaller.h">
			<Option virtualFolder="CharQueryCenter/" />
		</Unit>
		<Unit filename="CharQueryCenterMsgHandler.cpp">
			<Option virtualFolder="CharQueryCenter/" />
		</Unit>
		<Unit filename="CharQueryCenterMsgHandler.h">
			<Option virtualFolder="CharQueryCenter/" />
		</Unit>
		<Unit filename="CharacterAckInterface.h">
			<Option virtualFolder="Character/" />
		</Unit>
		<Unit filename="CharacterAckMsgCaller.cpp">
			<Option virtualFolder="Character/" />
		</Unit>
		<Unit filename="CharacterAckMsgCaller.h">
			<Option virtualFolder="Character/" />
		</Unit>
		<Unit filename="CharacterAckMsgHandler.cpp">
			<Option virtualFolder="Character/" />
		</Unit>
		<Unit filename="CharacterAckMsgHandler.h">
			<Option virtualFolder="Character/" />
		</Unit>
		<Unit filename="CharacterInterface.h">
			<Option virtualFolder="Character/" />
		</Unit>
		<Unit filename="CharacterMethods.h">
			<Option virtualFolder="Character/" />
		</Unit>
		<Unit filename="CharacterMsgCaller.cpp">
			<Option virtualFolder="Character/" />
		</Unit>
		<Unit filename="CharacterMsgCaller.h">
			<Option virtualFolder="Character/" />
		</Unit>
		<Unit filename="CharacterMsgHandler.cpp">
			<Option virtualFolder="Character/" />
		</Unit>
		<Unit filename="CharacterMsgHandler.h">
			<Option virtualFolder="Character/" />
		</Unit>
		<Unit filename="DataDefines.h">
			<Option virtualFolder="对象数据结构/" />
		</Unit>
		<Unit filename="LittleWorld.xml">
			<Option virtualFolder="头文件/" />
		</Unit>
		<Unit filename="LittleWorldObjectInterfaces.h">
			<Option virtualFolder="头文件/" />
		</Unit>
		<Unit filename="LittleWorldProtocol.h">
			<Option virtualFolder="头文件/" />
		</Unit>
		<Unit filename="MapAreaAckInterface.h">
			<Option virtualFolder="MapArea/" />
		</Unit>
		<Unit filename="MapAreaAckMsgCaller.cpp">
			<Option virtualFolder="MapArea/" />
		</Unit>
		<Unit filename="MapAreaAckMsgCaller.h">
			<Option virtualFolder="MapArea/" />
		</Unit>
		<Unit filename="MapAreaAckMsgHandler.cpp">
			<Option virtualFolder="MapArea/" />
		</Unit>
		<Unit filename="MapAreaAckMsgHandler.h">
			<Option virtualFolder="MapArea/" />
		</Unit>
		<Unit filename="MapAreaInterface.h">
			<Option virtualFolder="MapArea/" />
		</Unit>
		<Unit filename="MapAreaMethods.h">
			<Option virtualFolder="MapArea/" />
		</Unit>
		<Unit filename="MapAreaMsgCaller.cpp">
			<Option virtualFolder="MapArea/" />
		</Unit>
		<Unit filename="MapAreaMsgCaller.h">
			<Option virtualFolder="MapArea/" />
		</Unit>
		<Unit filename="MapAreaMsgHandler.cpp">
			<Option virtualFolder="MapArea/" />
		</Unit>
		<Unit filename="MapAreaMsgHandler.h">
			<Option virtualFolder="MapArea/" />
		</Unit>
		<Unit filename="MoveStatus.cpp">
			<Option virtualFolder="对象数据结构/" />
		</Unit>
		<Unit filename="MoveStatus.h">
			<Option virtualFolder="对象数据结构/" />
		</Unit>
		<Unit filename="PlayerCharDBAckInterface.h">
			<Option virtualFolder="PlayerCharDB/" />
		</Unit>
		<Unit filename="PlayerCharDBAckMsgCaller.cpp">
			<Option virtualFolder="PlayerCharDB/" />
		</Unit>
		<Unit filename="PlayerCharDBAckMsgCaller.h">
			<Option virtualFolder="PlayerCharDB/" />
		</Unit>
		<Unit filename="PlayerCharDBAckMsgHandler.cpp">
			<Option virtualFolder="PlayerCharDB/" />
		</Unit>
		<Unit filename="PlayerCharDBAckMsgHandler.h">
			<Option virtualFolder="PlayerCharDB/" />
		</Unit>
		<Unit filename="PlayerCharDBInterface.h">
			<Option virtualFolder="PlayerCharDB/" />
		</Unit>
		<Unit filename="PlayerCharDBMethods.h">
			<Option virtualFolder="PlayerCharDB/" />
		</Unit>
		<Unit filename="PlayerCharDBMsgCaller.cpp">
			<Option virtualFolder="PlayerCharDB/" />
		</Unit>
		<Unit filename="PlayerCharDBMsgCaller.h">
			<Option virtualFolder="PlayerCharDB/" />
		</Unit>
		<Unit filename="PlayerCharDBMsgHandler.cpp">
			<Option virtualFolder="PlayerCharDB/" />
		</Unit>
		<Unit filename="PlayerCharDBMsgHandler.h">
			<Option virtualFolder="PlayerCharDB/" />
		</Unit>
		<Unit filename="PlayerCharOperatorAckInterface.h">
			<Option virtualFolder="PLayerCharOperator/" />
		</Unit>
		<Unit filename="PlayerCharOperatorAckMsgCaller.cpp">
			<Option virtualFolder="PLayerCharOperator/" />
		</Unit>
		<Unit filename="PlayerCharOperatorAckMsgCaller.h">
			<Option virtualFolder="PLayerCharOperator/" />
		</Unit>
		<Unit filename="PlayerCharOperatorAckMsgHandler.cpp">
			<Option virtualFolder="PLayerCharOperator/" />
		</Unit>
		<Unit filename="PlayerCharOperatorAckMsgHandler.h">
			<Option virtualFolder="PLayerCharOperator/" />
		</Unit>
		<Unit filename="PlayerCharOperatorInterface.h">
			<Option virtualFolder="PLayerCharOperator/" />
		</Unit>
		<Unit filename="PlayerCharOperatorMethods.h">
			<Option virtualFolder="PLayerCharOperator/" />
		</Unit>
		<Unit filename="PlayerCharOperatorMsgCaller.cpp">
			<Option virtualFolder="PLayerCharOperator/" />
		</Unit>
		<Unit filename="PlayerCharOperatorMsgCaller.h">
			<Option virtualFolder="PLayerCharOperator/" />
		</Unit>
		<Unit filename="PlayerCharOperatorMsgHandler.cpp">
			<Option virtualFolder="PLayerCharOperator/" />
		</Unit>
		<Unit filename="PlayerCharOperatorMsgHandler.h">
			<Option virtualFolder="PLayerCharOperator/" />
		</Unit>
		<Unit filename="PlayerManagerAckInterface.h">
			<Option virtualFolder="PlayerManager/" />
		</Unit>
		<Unit filename="PlayerManagerAckMsgCaller.cpp">
			<Option virtualFolder="PlayerManager/" />
		</Unit>
		<Unit filename="PlayerManagerAckMsgCaller.h">
			<Option virtualFolder="PlayerManager/" />
		</Unit>
		<Unit filename="PlayerManagerAckMsgHandler.cpp">
			<Option virtualFolder="PlayerManager/" />
		</Unit>
		<Unit filename="PlayerManagerAckMsgHandler.h">
			<Option virtualFolder="PlayerManager/" />
		</Unit>
		<Unit filename="PlayerManagerInterface.h">
			<Option virtualFolder="PlayerManager/" />
		</Unit>
		<Unit filename="PlayerManagerMethods.h">
			<Option virtualFolder="PlayerManager/" />
		</Unit>
		<Unit filename="PlayerManagerMsgCaller.cpp">
			<Option virtualFolder="PlayerManager/" />
		</Unit>
		<Unit filename="PlayerManagerMsgCaller.h">
			<Option virtualFolder="PlayerManager/" />
		</Unit>
		<Unit filename="PlayerManagerMsgHandler.cpp">
			<Option virtualFolder="PlayerManager/" />
		</Unit>
		<Unit filename="PlayerManagerMsgHandler.h">
			<Option virtualFolder="PlayerManager/" />
		</Unit>
		<Unit filename="stdafx.cpp">
			<Option virtualFolder="预编译/" />
		</Unit>
		<Unit filename="stdafx.h">
			<Option compile="1" />
			<Option weight="0" />
			<Option virtualFolder="预编译/" />
		</Unit>
		<Extensions>
			<code_completion />
			<debugger />
		</Extensions>
	</Project>
</CodeBlocks_project_file>
